// !$*UTF8*$!
{
	archiveVersion = 1;
	classes = {
	};
	objectVersion = 46;
	objects = {

/* Begin PBXBuildFile section */
		D011509517DEE51300266FC1 /* AVFoundation.framework in Frameworks */ = {isa = PBXBuildFile; fileRef = D011508917DEE51200266FC1 /* AVFoundation.framework */; };
		D011509617DEE51300266FC1 /* CoreData.framework in Frameworks */ = {isa = PBXBuildFile; fileRef = D011508A17DEE51200266FC1 /* CoreData.framework */; };
		D011509717DEE51300266FC1 /* CoreLocation.framework in Frameworks */ = {isa = PBXBuildFile; fileRef = D011508B17DEE51200266FC1 /* CoreLocation.framework */; };
		D011509817DEE51300266FC1 /* CoreText.framework in Frameworks */ = {isa = PBXBuildFile; fileRef = D011508C17DEE51200266FC1 /* CoreText.framework */; };
		D011509917DEE51300266FC1 /* GLKit.framework in Frameworks */ = {isa = PBXBuildFile; fileRef = D011508D17DEE51200266FC1 /* GLKit.framework */; };
		D011509A17DEE51300266FC1 /* ImageIO.framework in Frameworks */ = {isa = PBXBuildFile; fileRef = D011508E17DEE51200266FC1 /* ImageIO.framework */; };
		D011509B17DEE51300266FC1 /* libc++.dylib in Frameworks */ = {isa = PBXBuildFile; fileRef = D011508F17DEE51200266FC1 /* libc++.dylib */; };
		D011509C17DEE51300266FC1 /* libicucore.dylib in Frameworks */ = {isa = PBXBuildFile; fileRef = D011509017DEE51200266FC1 /* libicucore.dylib */; };
		D011509D17DEE51300266FC1 /* libz.dylib in Frameworks */ = {isa = PBXBuildFile; fileRef = D011509117DEE51200266FC1 /* libz.dylib */; };
		D011509E17DEE51300266FC1 /* OpenGLES.framework in Frameworks */ = {isa = PBXBuildFile; fileRef = D011509217DEE51300266FC1 /* OpenGLES.framework */; };
		D011509F17DEE51300266FC1 /* QuartzCore.framework in Frameworks */ = {isa = PBXBuildFile; fileRef = D011509317DEE51300266FC1 /* QuartzCore.framework */; };
		D01150A017DEE51300266FC1 /* SystemConfiguration.framework in Frameworks */ = {isa = PBXBuildFile; fileRef = D011509417DEE51300266FC1 /* SystemConfiguration.framework */; };
		D06013DF181378E70031A0BB /* GoogleMaps.framework in Frameworks */ = {isa = PBXBuildFile; fileRef = D06013DE181378E60031A0BB /* GoogleMaps.framework */; };
		D06013E11813790F0031A0BB /* GoogleMaps.bundle in Resources */ = {isa = PBXBuildFile; fileRef = D06013E01813790F0031A0BB /* GoogleMaps.bundle */; };
		D068128417DD9770003FEA1C /* BTSidePanelViewController.m in Sources */ = {isa = PBXBuildFile; fileRef = D068128317DD9770003FEA1C /* BTSidePanelViewController.m */; };
		D0A67D6017DD0BDD00E271B4 /* Foundation.framework in Frameworks */ = {isa = PBXBuildFile; fileRef = D0A67D5F17DD0BDD00E271B4 /* Foundation.framework */; };
		D0A67D6217DD0BDD00E271B4 /* CoreGraphics.framework in Frameworks */ = {isa = PBXBuildFile; fileRef = D0A67D6117DD0BDD00E271B4 /* CoreGraphics.framework */; };
		D0A67D6417DD0BDE00E271B4 /* UIKit.framework in Frameworks */ = {isa = PBXBuildFile; fileRef = D0A67D6317DD0BDE00E271B4 /* UIKit.framework */; };
		D0A67D6A17DD0BDE00E271B4 /* InfoPlist.strings in Resources */ = {isa = PBXBuildFile; fileRef = D0A67D6817DD0BDE00E271B4 /* InfoPlist.strings */; };
		D0A67D6C17DD0BDE00E271B4 /* main.m in Sources */ = {isa = PBXBuildFile; fileRef = D0A67D6B17DD0BDE00E271B4 /* main.m */; };
		D0A67D7017DD0BDE00E271B4 /* BTAppDelegate.m in Sources */ = {isa = PBXBuildFile; fileRef = D0A67D6F17DD0BDE00E271B4 /* BTAppDelegate.m */; };
		D0A67D7317DD0BDE00E271B4 /* Main_iPhone.storyboard in Resources */ = {isa = PBXBuildFile; fileRef = D0A67D7117DD0BDE00E271B4 /* Main_iPhone.storyboard */; };
		D0A67D7617DD0BDE00E271B4 /* Main_iPad.storyboard in Resources */ = {isa = PBXBuildFile; fileRef = D0A67D7417DD0BDE00E271B4 /* Main_iPad.storyboard */; };
		D0A67D7917DD0BDE00E271B4 /* BTViewController.m in Sources */ = {isa = PBXBuildFile; fileRef = D0A67D7817DD0BDE00E271B4 /* BTViewController.m */; };
		D0A67D7B17DD0BDE00E271B4 /* Images.xcassets in Resources */ = {isa = PBXBuildFile; fileRef = D0A67D7A17DD0BDE00E271B4 /* Images.xcassets */; };
		D0A67D9817DD0BED00E271B4 /* MapKit.framework in Frameworks */ = {isa = PBXBuildFile; fileRef = D0A67D9717DD0BED00E271B4 /* MapKit.framework */; };
		D0A67D9B17DD0F3D00E271B4 /* BTBus.m in Sources */ = {isa = PBXBuildFile; fileRef = D0A67D9A17DD0F3D00E271B4 /* BTBus.m */; };
		D0BD199817DD314500B0684A /* libTBXML-iOS.a in Frameworks */ = {isa = PBXBuildFile; fileRef = D08A78BF17DD2E79001D9CB3 /* libTBXML-iOS.a */; };
		D0BD19B217DD54CB00B0684A /* logo-brown.png in Resources */ = {isa = PBXBuildFile; fileRef = D0BD19B017DD54CB00B0684A /* logo-brown.png */; };
		D0BD19B317DD54CB00B0684A /* logo-brown@2x.png in Resources */ = {isa = PBXBuildFile; fileRef = D0BD19B117DD54CB00B0684A /* logo-brown@2x.png */; };
		D0BD19BB17DD5E4000B0684A /* JASidePanelController.m in Sources */ = {isa = PBXBuildFile; fileRef = D0BD19BA17DD5E4000B0684A /* JASidePanelController.m */; };
		D0BD19BE17DD5F6E00B0684A /* BTLeftMenuViewController.m in Sources */ = {isa = PBXBuildFile; fileRef = D0BD19BD17DD5F6E00B0684A /* BTLeftMenuViewController.m */; };
		D0BD19C117DD660400B0684A /* UIViewController+JASidePanel.m in Sources */ = {isa = PBXBuildFile; fileRef = D0BD19C017DD660400B0684A /* UIViewController+JASidePanel.m */; };
		D0BD19CA17DD710800B0684A /* logo-purple@2x.png in Resources */ = {isa = PBXBuildFile; fileRef = D0BD19C217DD710800B0684A /* logo-purple@2x.png */; };
		D0BD19CB17DD710800B0684A /* logo-red@2x.png in Resources */ = {isa = PBXBuildFile; fileRef = D0BD19C317DD710800B0684A /* logo-red@2x.png */; };
		D0BD19CC17DD710800B0684A /* logo-blue@2x.png in Resources */ = {isa = PBXBuildFile; fileRef = D0BD19C417DD710800B0684A /* logo-blue@2x.png */; };
		D0BD19CD17DD710800B0684A /* logo-yellow@2x.png in Resources */ = {isa = PBXBuildFile; fileRef = D0BD19C517DD710800B0684A /* logo-yellow@2x.png */; };
		D0BD19CE17DD710800B0684A /* logo-blue.png in Resources */ = {isa = PBXBuildFile; fileRef = D0BD19C617DD710800B0684A /* logo-blue.png */; };
		D0BD19CF17DD710800B0684A /* logo-yellow.png in Resources */ = {isa = PBXBuildFile; fileRef = D0BD19C717DD710800B0684A /* logo-yellow.png */; };
		D0BD19D017DD710800B0684A /* logo-red.png in Resources */ = {isa = PBXBuildFile; fileRef = D0BD19C817DD710800B0684A /* logo-red.png */; };
		D0BD19D117DD710800B0684A /* logo-purple.png in Resources */ = {isa = PBXBuildFile; fileRef = D0BD19C917DD710800B0684A /* logo-purple.png */; };
		D0D5E66917E6A6120092A122 /* routes.plist in Resources */ = {isa = PBXBuildFile; fileRef = D0D5E66817E6A6120092A122 /* routes.plist */; };
		FC3ACB17188CA22F00A31FAF /* AMBlurView.m in Sources */ = {isa = PBXBuildFile; fileRef = FC3ACB16188CA22F00A31FAF /* AMBlurView.m */; };
		FC3ACB1C188CA93C00A31FAF /* Reveal.framework in Frameworks */ = {isa = PBXBuildFile; fileRef = FC3ACB1B188CA93C00A31FAF /* Reveal.framework */; };
		FC3ACB1F188CB79000A31FAF /* BTRoute.m in Sources */ = {isa = PBXBuildFile; fileRef = FC3ACB1E188CB79000A31FAF /* BTRoute.m */; };
		FC3ACB25188CB9A900A31FAF /* BTStop.m in Sources */ = {isa = PBXBuildFile; fileRef = FC3ACB24188CB9A900A31FAF /* BTStop.m */; };
/* End PBXBuildFile section */

/* Begin PBXContainerItemProxy section */
		D08A78BA17DD2E79001D9CB3 /* PBXContainerItemProxy */ = {
			isa = PBXContainerItemProxy;
			containerPortal = D08A78B317DD2E79001D9CB3 /* TBXML.xcodeproj */;
			proxyType = 2;
			remoteGlobalIDString = 829FA09C14D5B52A00D18697;
			remoteInfo = TBXML;
		};
		D08A78BC17DD2E79001D9CB3 /* PBXContainerItemProxy */ = {
			isa = PBXContainerItemProxy;
			containerPortal = D08A78B317DD2E79001D9CB3 /* TBXML.xcodeproj */;
			proxyType = 2;
			remoteGlobalIDString = 829FA0B014D5B52A00D18697;
			remoteInfo = TBXMLTests;
		};
		D08A78BE17DD2E79001D9CB3 /* PBXContainerItemProxy */ = {
			isa = PBXContainerItemProxy;
			containerPortal = D08A78B317DD2E79001D9CB3 /* TBXML.xcodeproj */;
			proxyType = 2;
			remoteGlobalIDString = 8290352514D9F5B200ACF7E4;
			remoteInfo = "TBXML-iOS";
		};
		D08A78C017DD2E79001D9CB3 /* PBXContainerItemProxy */ = {
			isa = PBXContainerItemProxy;
			containerPortal = D08A78B317DD2E79001D9CB3 /* TBXML.xcodeproj */;
			proxyType = 2;
			remoteGlobalIDString = 8290353314D9F5B200ACF7E4;
			remoteInfo = "TBXML-iOSTests";
		};
		D08A78C217DD2EA4001D9CB3 /* PBXContainerItemProxy */ = {
			isa = PBXContainerItemProxy;
			containerPortal = D08A78B317DD2E79001D9CB3 /* TBXML.xcodeproj */;
			proxyType = 1;
			remoteGlobalIDString = 8290352414D9F5B200ACF7E4;
			remoteInfo = "TBXML-iOS";
		};
/* End PBXContainerItemProxy section */

/* Begin PBXFileReference section */
		D011508917DEE51200266FC1 /* AVFoundation.framework */ = {isa = PBXFileReference; lastKnownFileType = wrapper.framework; name = AVFoundation.framework; path = System/Library/Frameworks/AVFoundation.framework; sourceTree = SDKROOT; };
		D011508A17DEE51200266FC1 /* CoreData.framework */ = {isa = PBXFileReference; lastKnownFileType = wrapper.framework; name = CoreData.framework; path = System/Library/Frameworks/CoreData.framework; sourceTree = SDKROOT; };
		D011508B17DEE51200266FC1 /* CoreLocation.framework */ = {isa = PBXFileReference; lastKnownFileType = wrapper.framework; name = CoreLocation.framework; path = System/Library/Frameworks/CoreLocation.framework; sourceTree = SDKROOT; };
		D011508C17DEE51200266FC1 /* CoreText.framework */ = {isa = PBXFileReference; lastKnownFileType = wrapper.framework; name = CoreText.framework; path = System/Library/Frameworks/CoreText.framework; sourceTree = SDKROOT; };
		D011508D17DEE51200266FC1 /* GLKit.framework */ = {isa = PBXFileReference; lastKnownFileType = wrapper.framework; name = GLKit.framework; path = System/Library/Frameworks/GLKit.framework; sourceTree = SDKROOT; };
		D011508E17DEE51200266FC1 /* ImageIO.framework */ = {isa = PBXFileReference; lastKnownFileType = wrapper.framework; name = ImageIO.framework; path = System/Library/Frameworks/ImageIO.framework; sourceTree = SDKROOT; };
		D011508F17DEE51200266FC1 /* libc++.dylib */ = {isa = PBXFileReference; lastKnownFileType = "compiled.mach-o.dylib"; name = "libc++.dylib"; path = "usr/lib/libc++.dylib"; sourceTree = SDKROOT; };
		D011509017DEE51200266FC1 /* libicucore.dylib */ = {isa = PBXFileReference; lastKnownFileType = "compiled.mach-o.dylib"; name = libicucore.dylib; path = usr/lib/libicucore.dylib; sourceTree = SDKROOT; };
		D011509117DEE51200266FC1 /* libz.dylib */ = {isa = PBXFileReference; lastKnownFileType = "compiled.mach-o.dylib"; name = libz.dylib; path = usr/lib/libz.dylib; sourceTree = SDKROOT; };
		D011509217DEE51300266FC1 /* OpenGLES.framework */ = {isa = PBXFileReference; lastKnownFileType = wrapper.framework; name = OpenGLES.framework; path = System/Library/Frameworks/OpenGLES.framework; sourceTree = SDKROOT; };
		D011509317DEE51300266FC1 /* QuartzCore.framework */ = {isa = PBXFileReference; lastKnownFileType = wrapper.framework; name = QuartzCore.framework; path = System/Library/Frameworks/QuartzCore.framework; sourceTree = SDKROOT; };
		D011509417DEE51300266FC1 /* SystemConfiguration.framework */ = {isa = PBXFileReference; lastKnownFileType = wrapper.framework; name = SystemConfiguration.framework; path = System/Library/Frameworks/SystemConfiguration.framework; sourceTree = SDKROOT; };
		D031D82717DD203300CC119E /* BTBusDelegate.h */ = {isa = PBXFileReference; lastKnownFileType = sourcecode.c.h; path = BTBusDelegate.h; sourceTree = "<group>"; };
		D06013DE181378E60031A0BB /* GoogleMaps.framework */ = {isa = PBXFileReference; lastKnownFileType = wrapper.framework; path = GoogleMaps.framework; sourceTree = "<group>"; };
		D06013E01813790F0031A0BB /* GoogleMaps.bundle */ = {isa = PBXFileReference; lastKnownFileType = "wrapper.plug-in"; name = GoogleMaps.bundle; path = GoogleMaps.framework/Versions/A/Resources/GoogleMaps.bundle; sourceTree = "<group>"; };
		D068128217DD9770003FEA1C /* BTSidePanelViewController.h */ = {isa = PBXFileReference; fileEncoding = 4; lastKnownFileType = sourcecode.c.h; path = BTSidePanelViewController.h; sourceTree = "<group>"; };
		D068128317DD9770003FEA1C /* BTSidePanelViewController.m */ = {isa = PBXFileReference; fileEncoding = 4; lastKnownFileType = sourcecode.c.objc; path = BTSidePanelViewController.m; sourceTree = "<group>"; };
		D08A78B317DD2E79001D9CB3 /* TBXML.xcodeproj */ = {isa = PBXFileReference; lastKnownFileType = "wrapper.pb-project"; name = TBXML.xcodeproj; path = BroncoTransit/Frameworks/TBXML/TBXML.xcodeproj; sourceTree = "<group>"; };
		D0A67D5C17DD0BDD00E271B4 /* BroncoTransit.app */ = {isa = PBXFileReference; explicitFileType = wrapper.application; includeInIndex = 0; path = BroncoTransit.app; sourceTree = BUILT_PRODUCTS_DIR; };
		D0A67D5F17DD0BDD00E271B4 /* Foundation.framework */ = {isa = PBXFileReference; lastKnownFileType = wrapper.framework; name = Foundation.framework; path = System/Library/Frameworks/Foundation.framework; sourceTree = SDKROOT; };
		D0A67D6117DD0BDD00E271B4 /* CoreGraphics.framework */ = {isa = PBXFileReference; lastKnownFileType = wrapper.framework; name = CoreGraphics.framework; path = System/Library/Frameworks/CoreGraphics.framework; sourceTree = SDKROOT; };
		D0A67D6317DD0BDE00E271B4 /* UIKit.framework */ = {isa = PBXFileReference; lastKnownFileType = wrapper.framework; name = UIKit.framework; path = System/Library/Frameworks/UIKit.framework; sourceTree = SDKROOT; };
		D0A67D6717DD0BDE00E271B4 /* BroncoTransit-Info.plist */ = {isa = PBXFileReference; lastKnownFileType = text.plist.xml; path = "BroncoTransit-Info.plist"; sourceTree = "<group>"; };
		D0A67D6917DD0BDE00E271B4 /* en */ = {isa = PBXFileReference; lastKnownFileType = text.plist.strings; name = en; path = en.lproj/InfoPlist.strings; sourceTree = "<group>"; };
		D0A67D6B17DD0BDE00E271B4 /* main.m */ = {isa = PBXFileReference; lastKnownFileType = sourcecode.c.objc; path = main.m; sourceTree = "<group>"; };
		D0A67D6D17DD0BDE00E271B4 /* BroncoTransit-Prefix.pch */ = {isa = PBXFileReference; lastKnownFileType = sourcecode.c.h; path = "BroncoTransit-Prefix.pch"; sourceTree = "<group>"; };
		D0A67D6E17DD0BDE00E271B4 /* BTAppDelegate.h */ = {isa = PBXFileReference; lastKnownFileType = sourcecode.c.h; path = BTAppDelegate.h; sourceTree = "<group>"; };
		D0A67D6F17DD0BDE00E271B4 /* BTAppDelegate.m */ = {isa = PBXFileReference; lastKnownFileType = sourcecode.c.objc; path = BTAppDelegate.m; sourceTree = "<group>"; };
		D0A67D7217DD0BDE00E271B4 /* Base */ = {isa = PBXFileReference; lastKnownFileType = file.storyboard; name = Base; path = Base.lproj/Main_iPhone.storyboard; sourceTree = "<group>"; };
		D0A67D7517DD0BDE00E271B4 /* Base */ = {isa = PBXFileReference; lastKnownFileType = file.storyboard; name = Base; path = Base.lproj/Main_iPad.storyboard; sourceTree = "<group>"; };
		D0A67D7717DD0BDE00E271B4 /* BTViewController.h */ = {isa = PBXFileReference; lastKnownFileType = sourcecode.c.h; path = BTViewController.h; sourceTree = "<group>"; };
		D0A67D7817DD0BDE00E271B4 /* BTViewController.m */ = {isa = PBXFileReference; lastKnownFileType = sourcecode.c.objc; path = BTViewController.m; sourceTree = "<group>"; };
		D0A67D7A17DD0BDE00E271B4 /* Images.xcassets */ = {isa = PBXFileReference; lastKnownFileType = folder.assetcatalog; path = Images.xcassets; sourceTree = "<group>"; };
		D0A67D8117DD0BDE00E271B4 /* XCTest.framework */ = {isa = PBXFileReference; lastKnownFileType = wrapper.framework; name = XCTest.framework; path = Library/Frameworks/XCTest.framework; sourceTree = DEVELOPER_DIR; };
		D0A67D9717DD0BED00E271B4 /* MapKit.framework */ = {isa = PBXFileReference; lastKnownFileType = wrapper.framework; name = MapKit.framework; path = System/Library/Frameworks/MapKit.framework; sourceTree = SDKROOT; };
		D0A67D9917DD0F3D00E271B4 /* BTBus.h */ = {isa = PBXFileReference; fileEncoding = 4; lastKnownFileType = sourcecode.c.h; path = BTBus.h; sourceTree = "<group>"; };
		D0A67D9A17DD0F3D00E271B4 /* BTBus.m */ = {isa = PBXFileReference; fileEncoding = 4; lastKnownFileType = sourcecode.c.objc; path = BTBus.m; sourceTree = "<group>"; };
		D0BD19B017DD54CB00B0684A /* logo-brown.png */ = {isa = PBXFileReference; lastKnownFileType = image.png; path = "logo-brown.png"; sourceTree = "<group>"; };
		D0BD19B117DD54CB00B0684A /* logo-brown@2x.png */ = {isa = PBXFileReference; lastKnownFileType = image.png; path = "logo-brown@2x.png"; sourceTree = "<group>"; };
		D0BD19B917DD5E4000B0684A /* JASidePanelController.h */ = {isa = PBXFileReference; fileEncoding = 4; lastKnownFileType = sourcecode.c.h; name = JASidePanelController.h; path = BroncoTransit/JASidePanelController.h; sourceTree = "<group>"; };
		D0BD19BA17DD5E4000B0684A /* JASidePanelController.m */ = {isa = PBXFileReference; fileEncoding = 4; lastKnownFileType = sourcecode.c.objc; name = JASidePanelController.m; path = BroncoTransit/JASidePanelController.m; sourceTree = "<group>"; };
		D0BD19BC17DD5F6E00B0684A /* BTLeftMenuViewController.h */ = {isa = PBXFileReference; fileEncoding = 4; lastKnownFileType = sourcecode.c.h; path = BTLeftMenuViewController.h; sourceTree = "<group>"; };
		D0BD19BD17DD5F6E00B0684A /* BTLeftMenuViewController.m */ = {isa = PBXFileReference; fileEncoding = 4; lastKnownFileType = sourcecode.c.objc; path = BTLeftMenuViewController.m; sourceTree = "<group>"; };
		D0BD19BF17DD660400B0684A /* UIViewController+JASidePanel.h */ = {isa = PBXFileReference; fileEncoding = 4; lastKnownFileType = sourcecode.c.h; name = "UIViewController+JASidePanel.h"; path = "BroncoTransit/UIViewController+JASidePanel.h"; sourceTree = "<group>"; };
		D0BD19C017DD660400B0684A /* UIViewController+JASidePanel.m */ = {isa = PBXFileReference; fileEncoding = 4; lastKnownFileType = sourcecode.c.objc; name = "UIViewController+JASidePanel.m"; path = "BroncoTransit/UIViewController+JASidePanel.m"; sourceTree = "<group>"; };
		D0BD19C217DD710800B0684A /* logo-purple@2x.png */ = {isa = PBXFileReference; lastKnownFileType = image.png; path = "logo-purple@2x.png"; sourceTree = "<group>"; };
		D0BD19C317DD710800B0684A /* logo-red@2x.png */ = {isa = PBXFileReference; lastKnownFileType = image.png; path = "logo-red@2x.png"; sourceTree = "<group>"; };
		D0BD19C417DD710800B0684A /* logo-blue@2x.png */ = {isa = PBXFileReference; lastKnownFileType = image.png; path = "logo-blue@2x.png"; sourceTree = "<group>"; };
		D0BD19C517DD710800B0684A /* logo-yellow@2x.png */ = {isa = PBXFileReference; lastKnownFileType = image.png; path = "logo-yellow@2x.png"; sourceTree = "<group>"; };
		D0BD19C617DD710800B0684A /* logo-blue.png */ = {isa = PBXFileReference; lastKnownFileType = image.png; path = "logo-blue.png"; sourceTree = "<group>"; };
		D0BD19C717DD710800B0684A /* logo-yellow.png */ = {isa = PBXFileReference; lastKnownFileType = image.png; path = "logo-yellow.png"; sourceTree = "<group>"; };
		D0BD19C817DD710800B0684A /* logo-red.png */ = {isa = PBXFileReference; lastKnownFileType = image.png; path = "logo-red.png"; sourceTree = "<group>"; };
		D0BD19C917DD710800B0684A /* logo-purple.png */ = {isa = PBXFileReference; lastKnownFileType = image.png; path = "logo-purple.png"; sourceTree = "<group>"; };
		D0D5E66817E6A6120092A122 /* routes.plist */ = {isa = PBXFileReference; fileEncoding = 4; lastKnownFileType = text.plist.xml; path = routes.plist; sourceTree = "<group>"; };
		FC3ACB15188CA22F00A31FAF /* AMBlurView.h */ = {isa = PBXFileReference; fileEncoding = 4; lastKnownFileType = sourcecode.c.h; name = AMBlurView.h; path = BroncoTransit/AMBlurView.h; sourceTree = "<group>"; };
		FC3ACB16188CA22F00A31FAF /* AMBlurView.m */ = {isa = PBXFileReference; fileEncoding = 4; lastKnownFileType = sourcecode.c.objc; name = AMBlurView.m; path = BroncoTransit/AMBlurView.m; sourceTree = "<group>"; };
		FC3ACB1B188CA93C00A31FAF /* Reveal.framework */ = {isa = PBXFileReference; lastKnownFileType = wrapper.framework; path = Reveal.framework; sourceTree = "<group>"; };
		FC3ACB1D188CB79000A31FAF /* BTRoute.h */ = {isa = PBXFileReference; fileEncoding = 4; lastKnownFileType = sourcecode.c.h; path = BTRoute.h; sourceTree = "<group>"; };
		FC3ACB1E188CB79000A31FAF /* BTRoute.m */ = {isa = PBXFileReference; fileEncoding = 4; lastKnownFileType = sourcecode.c.objc; path = BTRoute.m; sourceTree = "<group>"; };
		FC3ACB23188CB9A900A31FAF /* BTStop.h */ = {isa = PBXFileReference; fileEncoding = 4; lastKnownFileType = sourcecode.c.h; path = BTStop.h; sourceTree = "<group>"; };
		FC3ACB24188CB9A900A31FAF /* BTStop.m */ = {isa = PBXFileReference; fileEncoding = 4; lastKnownFileType = sourcecode.c.objc; path = BTStop.m; sourceTree = "<group>"; };
/* End PBXFileReference section */

/* Begin PBXFrameworksBuildPhase section */
		D0A67D5917DD0BDD00E271B4 /* Frameworks */ = {
			isa = PBXFrameworksBuildPhase;
			buildActionMask = 2147483647;
			files = (
				D011509517DEE51300266FC1 /* AVFoundation.framework in Frameworks */,
				D011509617DEE51300266FC1 /* CoreData.framework in Frameworks */,
				D011509717DEE51300266FC1 /* CoreLocation.framework in Frameworks */,
				D011509817DEE51300266FC1 /* CoreText.framework in Frameworks */,
				D011509917DEE51300266FC1 /* GLKit.framework in Frameworks */,
				D011509A17DEE51300266FC1 /* ImageIO.framework in Frameworks */,
				D06013DF181378E70031A0BB /* GoogleMaps.framework in Frameworks */,
				FC3ACB1C188CA93C00A31FAF /* Reveal.framework in Frameworks */,
				D011509B17DEE51300266FC1 /* libc++.dylib in Frameworks */,
				D011509C17DEE51300266FC1 /* libicucore.dylib in Frameworks */,
				D011509D17DEE51300266FC1 /* libz.dylib in Frameworks */,
				D011509E17DEE51300266FC1 /* OpenGLES.framework in Frameworks */,
				D011509F17DEE51300266FC1 /* QuartzCore.framework in Frameworks */,
				D01150A017DEE51300266FC1 /* SystemConfiguration.framework in Frameworks */,
				D0BD199817DD314500B0684A /* libTBXML-iOS.a in Frameworks */,
				D0A67D9817DD0BED00E271B4 /* MapKit.framework in Frameworks */,
				D0A67D6217DD0BDD00E271B4 /* CoreGraphics.framework in Frameworks */,
				D0A67D6417DD0BDE00E271B4 /* UIKit.framework in Frameworks */,
				D0A67D6017DD0BDD00E271B4 /* Foundation.framework in Frameworks */,
			);
			runOnlyForDeploymentPostprocessing = 0;
		};
/* End PBXFrameworksBuildPhase section */

/* Begin PBXGroup section */
		D068127D17DD91B0003FEA1C /* Third-party classes */ = {
			isa = PBXGroup;
			children = (
				FC3ACB15188CA22F00A31FAF /* AMBlurView.h */,
				FC3ACB16188CA22F00A31FAF /* AMBlurView.m */,
				D0BD19B917DD5E4000B0684A /* JASidePanelController.h */,
				D0BD19BA17DD5E4000B0684A /* JASidePanelController.m */,
				D0BD19BF17DD660400B0684A /* UIViewController+JASidePanel.h */,
				D0BD19C017DD660400B0684A /* UIViewController+JASidePanel.m */,
			);
			name = "Third-party classes";
			sourceTree = "<group>";
		};
		D08A78B417DD2E79001D9CB3 /* Products */ = {
			isa = PBXGroup;
			children = (
				D08A78BB17DD2E79001D9CB3 /* libTBXML.a */,
				D08A78BD17DD2E79001D9CB3 /* TBXMLTests.octest */,
				D08A78BF17DD2E79001D9CB3 /* libTBXML-iOS.a */,
				D08A78C117DD2E79001D9CB3 /* TBXML-iOSTests.octest */,
			);
			name = Products;
			sourceTree = "<group>";
		};
		D0A67D5317DD0BDD00E271B4 = {
			isa = PBXGroup;
			children = (
				FC3ACB23188CB9A900A31FAF /* BTStop.h */,
				FC3ACB24188CB9A900A31FAF /* BTStop.m */,
				D0A67D6517DD0BDE00E271B4 /* BroncoTransit */,
				D068127D17DD91B0003FEA1C /* Third-party classes */,
				D0A67D5E17DD0BDD00E271B4 /* Frameworks */,
				D0A67D5D17DD0BDD00E271B4 /* Products */,
			);
			sourceTree = "<group>";
		};
		D0A67D5D17DD0BDD00E271B4 /* Products */ = {
			isa = PBXGroup;
			children = (
				D0A67D5C17DD0BDD00E271B4 /* BroncoTransit.app */,
			);
			name = Products;
			sourceTree = "<group>";
		};
		D0A67D5E17DD0BDD00E271B4 /* Frameworks */ = {
			isa = PBXGroup;
			children = (
				FC3ACB1B188CA93C00A31FAF /* Reveal.framework */,
				D06013E01813790F0031A0BB /* GoogleMaps.bundle */,
				D06013DE181378E60031A0BB /* GoogleMaps.framework */,
				D011508917DEE51200266FC1 /* AVFoundation.framework */,
				D011508A17DEE51200266FC1 /* CoreData.framework */,
				D011508B17DEE51200266FC1 /* CoreLocation.framework */,
				D011508C17DEE51200266FC1 /* CoreText.framework */,
				D011508D17DEE51200266FC1 /* GLKit.framework */,
				D011508E17DEE51200266FC1 /* ImageIO.framework */,
				D011508F17DEE51200266FC1 /* libc++.dylib */,
				D011509017DEE51200266FC1 /* libicucore.dylib */,
				D011509117DEE51200266FC1 /* libz.dylib */,
				D011509217DEE51300266FC1 /* OpenGLES.framework */,
				D011509317DEE51300266FC1 /* QuartzCore.framework */,
				D011509417DEE51300266FC1 /* SystemConfiguration.framework */,
				D08A78B317DD2E79001D9CB3 /* TBXML.xcodeproj */,
				D0A67D9717DD0BED00E271B4 /* MapKit.framework */,
				D0A67D5F17DD0BDD00E271B4 /* Foundation.framework */,
				D0A67D6117DD0BDD00E271B4 /* CoreGraphics.framework */,
				D0A67D6317DD0BDE00E271B4 /* UIKit.framework */,
				D0A67D8117DD0BDE00E271B4 /* XCTest.framework */,
			);
			name = Frameworks;
			sourceTree = "<group>";
		};
		D0A67D6517DD0BDE00E271B4 /* BroncoTransit */ = {
			isa = PBXGroup;
			children = (
				D0A67D6E17DD0BDE00E271B4 /* BTAppDelegate.h */,
				D0A67D6F17DD0BDE00E271B4 /* BTAppDelegate.m */,
				D068128217DD9770003FEA1C /* BTSidePanelViewController.h */,
				D068128317DD9770003FEA1C /* BTSidePanelViewController.m */,
				D0A67D7717DD0BDE00E271B4 /* BTViewController.h */,
				D0A67D7817DD0BDE00E271B4 /* BTViewController.m */,
				FC3ACB1D188CB79000A31FAF /* BTRoute.h */,
				FC3ACB1E188CB79000A31FAF /* BTRoute.m */,
				D0BD19BC17DD5F6E00B0684A /* BTLeftMenuViewController.h */,
				D0BD19BD17DD5F6E00B0684A /* BTLeftMenuViewController.m */,
				D0A67D9917DD0F3D00E271B4 /* BTBus.h */,
				D0A67D9A17DD0F3D00E271B4 /* BTBus.m */,
				D031D82717DD203300CC119E /* BTBusDelegate.h */,
				D0A67D7117DD0BDE00E271B4 /* Main_iPhone.storyboard */,
				D0A67D7417DD0BDE00E271B4 /* Main_iPad.storyboard */,
				D0A67D7A17DD0BDE00E271B4 /* Images.xcassets */,
				D0A67D6617DD0BDE00E271B4 /* Supporting Files */,
			);
			path = BroncoTransit;
			sourceTree = "<group>";
		};
		D0A67D6617DD0BDE00E271B4 /* Supporting Files */ = {
			isa = PBXGroup;
			children = (
				D0D5E66817E6A6120092A122 /* routes.plist */,
				D0BD199917DD4C3500B0684A /* images */,
				D0A67D6717DD0BDE00E271B4 /* BroncoTransit-Info.plist */,
				D0A67D6817DD0BDE00E271B4 /* InfoPlist.strings */,
				D0A67D6B17DD0BDE00E271B4 /* main.m */,
				D0A67D6D17DD0BDE00E271B4 /* BroncoTransit-Prefix.pch */,
			);
			name = "Supporting Files";
			sourceTree = "<group>";
		};
		D0BD199917DD4C3500B0684A /* images */ = {
			isa = PBXGroup;
			children = (
				D0BD19C217DD710800B0684A /* logo-purple@2x.png */,
				D0BD19C317DD710800B0684A /* logo-red@2x.png */,
				D0BD19C417DD710800B0684A /* logo-blue@2x.png */,
				D0BD19C517DD710800B0684A /* logo-yellow@2x.png */,
				D0BD19C617DD710800B0684A /* logo-blue.png */,
				D0BD19C717DD710800B0684A /* logo-yellow.png */,
				D0BD19C817DD710800B0684A /* logo-red.png */,
				D0BD19C917DD710800B0684A /* logo-purple.png */,
				D0BD19B017DD54CB00B0684A /* logo-brown.png */,
				D0BD19B117DD54CB00B0684A /* logo-brown@2x.png */,
			);
			name = images;
			sourceTree = "<group>";
		};
/* End PBXGroup section */

/* Begin PBXNativeTarget section */
		D0A67D5B17DD0BDD00E271B4 /* BroncoTransit */ = {
			isa = PBXNativeTarget;
			buildConfigurationList = D0A67D9117DD0BDE00E271B4 /* Build configuration list for PBXNativeTarget "BroncoTransit" */;
			buildPhases = (
				D0A67D5817DD0BDD00E271B4 /* Sources */,
				D0A67D5917DD0BDD00E271B4 /* Frameworks */,
				D0A67D5A17DD0BDD00E271B4 /* Resources */,
			);
			buildRules = (
			);
			dependencies = (
				D08A78C317DD2EA4001D9CB3 /* PBXTargetDependency */,
			);
			name = BroncoTransit;
			productName = BroncoTransit;
			productReference = D0A67D5C17DD0BDD00E271B4 /* BroncoTransit.app */;
			productType = "com.apple.product-type.application";
		};
/* End PBXNativeTarget section */

/* Begin PBXProject section */
		D0A67D5417DD0BDD00E271B4 /* Project object */ = {
			isa = PBXProject;
			attributes = {
				CLASSPREFIX = BT;
				LastUpgradeCheck = 0500;
				ORGANIZATIONNAME = "Justin Hill";
			};
			buildConfigurationList = D0A67D5717DD0BDD00E271B4 /* Build configuration list for PBXProject "BroncoTransit" */;
			compatibilityVersion = "Xcode 3.2";
			developmentRegion = English;
			hasScannedForEncodings = 0;
			knownRegions = (
				en,
				Base,
			);
			mainGroup = D0A67D5317DD0BDD00E271B4;
			productRefGroup = D0A67D5D17DD0BDD00E271B4 /* Products */;
			projectDirPath = "";
			projectReferences = (
				{
					ProductGroup = D08A78B417DD2E79001D9CB3 /* Products */;
					ProjectRef = D08A78B317DD2E79001D9CB3 /* TBXML.xcodeproj */;
				},
			);
			projectRoot = "";
			targets = (
				D0A67D5B17DD0BDD00E271B4 /* BroncoTransit */,
			);
		};
/* End PBXProject section */

/* Begin PBXReferenceProxy section */
		D08A78BB17DD2E79001D9CB3 /* libTBXML.a */ = {
			isa = PBXReferenceProxy;
			fileType = archive.ar;
			path = libTBXML.a;
			remoteRef = D08A78BA17DD2E79001D9CB3 /* PBXContainerItemProxy */;
			sourceTree = BUILT_PRODUCTS_DIR;
		};
		D08A78BD17DD2E79001D9CB3 /* TBXMLTests.octest */ = {
			isa = PBXReferenceProxy;
			fileType = wrapper.cfbundle;
			path = TBXMLTests.octest;
			remoteRef = D08A78BC17DD2E79001D9CB3 /* PBXContainerItemProxy */;
			sourceTree = BUILT_PRODUCTS_DIR;
		};
		D08A78BF17DD2E79001D9CB3 /* libTBXML-iOS.a */ = {
			isa = PBXReferenceProxy;
			fileType = archive.ar;
			path = "libTBXML-iOS.a";
			remoteRef = D08A78BE17DD2E79001D9CB3 /* PBXContainerItemProxy */;
			sourceTree = BUILT_PRODUCTS_DIR;
		};
		D08A78C117DD2E79001D9CB3 /* TBXML-iOSTests.octest */ = {
			isa = PBXReferenceProxy;
			fileType = wrapper.cfbundle;
			path = "TBXML-iOSTests.octest";
			remoteRef = D08A78C017DD2E79001D9CB3 /* PBXContainerItemProxy */;
			sourceTree = BUILT_PRODUCTS_DIR;
		};
/* End PBXReferenceProxy section */

/* Begin PBXResourcesBuildPhase section */
		D0A67D5A17DD0BDD00E271B4 /* Resources */ = {
			isa = PBXResourcesBuildPhase;
			buildActionMask = 2147483647;
			files = (
				D0A67D7617DD0BDE00E271B4 /* Main_iPad.storyboard in Resources */,
				D0BD19D017DD710800B0684A /* logo-red.png in Resources */,
				D0BD19CC17DD710800B0684A /* logo-blue@2x.png in Resources */,
				D0BD19B217DD54CB00B0684A /* logo-brown.png in Resources */,
				D0BD19D117DD710800B0684A /* logo-purple.png in Resources */,
				D0A67D7B17DD0BDE00E271B4 /* Images.xcassets in Resources */,
				D0A67D7317DD0BDE00E271B4 /* Main_iPhone.storyboard in Resources */,
				D06013E11813790F0031A0BB /* GoogleMaps.bundle in Resources */,
				D0BD19CA17DD710800B0684A /* logo-purple@2x.png in Resources */,
				D0D5E66917E6A6120092A122 /* routes.plist in Resources */,
				D0BD19CB17DD710800B0684A /* logo-red@2x.png in Resources */,
				D0A67D6A17DD0BDE00E271B4 /* InfoPlist.strings in Resources */,
				D0BD19CF17DD710800B0684A /* logo-yellow.png in Resources */,
				D0BD19B317DD54CB00B0684A /* logo-brown@2x.png in Resources */,
				D0BD19CD17DD710800B0684A /* logo-yellow@2x.png in Resources */,
				D0BD19CE17DD710800B0684A /* logo-blue.png in Resources */,
			);
			runOnlyForDeploymentPostprocessing = 0;
		};
/* End PBXResourcesBuildPhase section */

/* Begin PBXSourcesBuildPhase section */
		D0A67D5817DD0BDD00E271B4 /* Sources */ = {
			isa = PBXSourcesBuildPhase;
			buildActionMask = 2147483647;
			files = (
				D068128417DD9770003FEA1C /* BTSidePanelViewController.m in Sources */,
				FC3ACB17188CA22F00A31FAF /* AMBlurView.m in Sources */,
				D0BD19C117DD660400B0684A /* UIViewController+JASidePanel.m in Sources */,
				FC3ACB25188CB9A900A31FAF /* BTStop.m in Sources */,
				D0A67D7917DD0BDE00E271B4 /* BTViewController.m in Sources */,
				D0BD19BB17DD5E4000B0684A /* JASidePanelController.m in Sources */,
				D0BD19BE17DD5F6E00B0684A /* BTLeftMenuViewController.m in Sources */,
				D0A67D7017DD0BDE00E271B4 /* BTAppDelegate.m in Sources */,
				D0A67D9B17DD0F3D00E271B4 /* BTBus.m in Sources */,
				D0A67D6C17DD0BDE00E271B4 /* main.m in Sources */,
				FC3ACB1F188CB79000A31FAF /* BTRoute.m in Sources */,
			);
			runOnlyForDeploymentPostprocessing = 0;
		};
/* End PBXSourcesBuildPhase section */

/* Begin PBXTargetDependency section */
		D08A78C317DD2EA4001D9CB3 /* PBXTargetDependency */ = {
			isa = PBXTargetDependency;
			name = "TBXML-iOS";
			targetProxy = D08A78C217DD2EA4001D9CB3 /* PBXContainerItemProxy */;
		};
/* End PBXTargetDependency section */

/* Begin PBXVariantGroup section */
		D0A67D6817DD0BDE00E271B4 /* InfoPlist.strings */ = {
			isa = PBXVariantGroup;
			children = (
				D0A67D6917DD0BDE00E271B4 /* en */,
			);
			name = InfoPlist.strings;
			sourceTree = "<group>";
		};
		D0A67D7117DD0BDE00E271B4 /* Main_iPhone.storyboard */ = {
			isa = PBXVariantGroup;
			children = (
				D0A67D7217DD0BDE00E271B4 /* Base */,
			);
			name = Main_iPhone.storyboard;
			sourceTree = "<group>";
		};
		D0A67D7417DD0BDE00E271B4 /* Main_iPad.storyboard */ = {
			isa = PBXVariantGroup;
			children = (
				D0A67D7517DD0BDE00E271B4 /* Base */,
			);
			name = Main_iPad.storyboard;
			sourceTree = "<group>";
		};
/* End PBXVariantGroup section */

/* Begin XCBuildConfiguration section */
		D0A67D8F17DD0BDE00E271B4 /* Debug */ = {
			isa = XCBuildConfiguration;
			buildSettings = {
				ALWAYS_SEARCH_USER_PATHS = NO;
				ARCHS = armv7;
				CLANG_CXX_LANGUAGE_STANDARD = "gnu++0x";
				CLANG_CXX_LIBRARY = "libc++";
				CLANG_ENABLE_MODULES = YES;
				CLANG_ENABLE_OBJC_ARC = YES;
				CLANG_WARN_BOOL_CONVERSION = YES;
				CLANG_WARN_CONSTANT_CONVERSION = YES;
				CLANG_WARN_DIRECT_OBJC_ISA_USAGE = YES_ERROR;
				CLANG_WARN_EMPTY_BODY = YES;
				CLANG_WARN_ENUM_CONVERSION = YES;
				CLANG_WARN_INT_CONVERSION = YES;
				CLANG_WARN_OBJC_ROOT_CLASS = YES_ERROR;
				CLANG_WARN__DUPLICATE_METHOD_MATCH = YES;
				"CODE_SIGN_IDENTITY[sdk=iphoneos*]" = "iPhone Developer";
				COPY_PHASE_STRIP = NO;
				GCC_C_LANGUAGE_STANDARD = gnu99;
				GCC_DYNAMIC_NO_PIC = NO;
				GCC_OPTIMIZATION_LEVEL = 0;
				GCC_PREPROCESSOR_DEFINITIONS = (
					"DEBUG=1",
					"$(inherited)",
				);
				GCC_SYMBOLS_PRIVATE_EXTERN = NO;
				GCC_WARN_ABOUT_RETURN_TYPE = YES_ERROR;
				GCC_WARN_UNDECLARED_SELECTOR = YES;
				GCC_WARN_UNINITIALIZED_AUTOS = YES;
				GCC_WARN_UNUSED_FUNCTION = YES;
				GCC_WARN_UNUSED_VARIABLE = YES;
				IPHONEOS_DEPLOYMENT_TARGET = 7.0;
				ONLY_ACTIVE_ARCH = YES;
				SDKROOT = iphoneos;
				TARGETED_DEVICE_FAMILY = "1,2";
			};
			name = Debug;
		};
		D0A67D9017DD0BDE00E271B4 /* Release */ = {
			isa = XCBuildConfiguration;
			buildSettings = {
				ALWAYS_SEARCH_USER_PATHS = NO;
				ARCHS = armv7;
				CLANG_CXX_LANGUAGE_STANDARD = "gnu++0x";
				CLANG_CXX_LIBRARY = "libc++";
				CLANG_ENABLE_MODULES = YES;
				CLANG_ENABLE_OBJC_ARC = YES;
				CLANG_WARN_BOOL_CONVERSION = YES;
				CLANG_WARN_CONSTANT_CONVERSION = YES;
				CLANG_WARN_DIRECT_OBJC_ISA_USAGE = YES_ERROR;
				CLANG_WARN_EMPTY_BODY = YES;
				CLANG_WARN_ENUM_CONVERSION = YES;
				CLANG_WARN_INT_CONVERSION = YES;
				CLANG_WARN_OBJC_ROOT_CLASS = YES_ERROR;
				CLANG_WARN__DUPLICATE_METHOD_MATCH = YES;
				"CODE_SIGN_IDENTITY[sdk=iphoneos*]" = "iPhone Developer";
				COPY_PHASE_STRIP = YES;
				ENABLE_NS_ASSERTIONS = NO;
				GCC_C_LANGUAGE_STANDARD = gnu99;
				GCC_WARN_ABOUT_RETURN_TYPE = YES_ERROR;
				GCC_WARN_UNDECLARED_SELECTOR = YES;
				GCC_WARN_UNINITIALIZED_AUTOS = YES;
				GCC_WARN_UNUSED_FUNCTION = YES;
				GCC_WARN_UNUSED_VARIABLE = YES;
				IPHONEOS_DEPLOYMENT_TARGET = 7.0;
				SDKROOT = iphoneos;
				TARGETED_DEVICE_FAMILY = "1,2";
				VALIDATE_PRODUCT = YES;
			};
			name = Release;
		};
		D0A67D9217DD0BDE00E271B4 /* Debug */ = {
			isa = XCBuildConfiguration;
			buildSettings = {
				ASSETCATALOG_COMPILER_APPICON_NAME = AppIcon;
				ASSETCATALOG_COMPILER_LAUNCHIMAGE_NAME = LaunchImage;
				FRAMEWORK_SEARCH_PATHS = (
					"$(inherited)",
					"${SRCROOT}/**",
					/Users/jhill/Desktop/BroncoTransit,
				);
				GCC_PRECOMPILE_PREFIX_HEADER = YES;
				GCC_PREFIX_HEADER = "BroncoTransit/BroncoTransit-Prefix.pch";
				HEADER_SEARCH_PATHS = "${SRCROOT}/**";
				"HEADER_SEARCH_PATHS[arch=*]" = (
					"${SRCROOT}",
					"${SRCROOT}/BroncoTransit/Frameworks/TBXML/TBXML-headers",
				);
				INFOPLIST_FILE = "BroncoTransit/BroncoTransit-Info.plist";
				OTHER_LDFLAGS = "-ObjC";
				PRODUCT_NAME = "$(TARGET_NAME)";
				WRAPPER_EXTENSION = app;
			};
			name = Debug;
		};
		D0A67D9317DD0BDE00E271B4 /* Release */ = {
			isa = XCBuildConfiguration;
			buildSettings = {
				ASSETCATALOG_COMPILER_APPICON_NAME = AppIcon;
				ASSETCATALOG_COMPILER_LAUNCHIMAGE_NAME = LaunchImage;
				FRAMEWORK_SEARCH_PATHS = (
					"$(inherited)",
					"${SRCROOT}/**",
					/Users/jhill/Desktop/BroncoTransit,
				);
				GCC_PRECOMPILE_PREFIX_HEADER = YES;
				GCC_PREFIX_HEADER = "BroncoTransit/BroncoTransit-Prefix.pch";
				HEADER_SEARCH_PATHS = "";
				INFOPLIST_FILE = "BroncoTransit/BroncoTransit-Info.plist";
				OTHER_LDFLAGS = "-ObjC";
				PRODUCT_NAME = "$(TARGET_NAME)";
				WRAPPER_EXTENSION = app;
			};
			name = Release;
		};
/* End XCBuildConfiguration section */

/* Begin XCConfigurationList section */
		D0A67D5717DD0BDD00E271B4 /* Build configuration list for PBXProject "BroncoTransit" */ = {
			isa = XCConfigurationList;
			buildConfigurations = (
				D0A67D8F17DD0BDE00E271B4 /* Debug */,
				D0A67D9017DD0BDE00E271B4 /* Release */,
			);
			defaultConfigurationIsVisible = 0;
			defaultConfigurationName = Release;
		};
		D0A67D9117DD0BDE00E271B4 /* Build configuration list for PBXNativeTarget "BroncoTransit" */ = {
			isa = XCConfigurationList;
			buildConfigurations = (
				D0A67D9217DD0BDE00E271B4 /* Debug */,
				D0A67D9317DD0BDE00E271B4 /* Release */,
			);
			defaultConfigurationIsVisible = 0;
			defaultConfigurationName = Release;
		};
/* End XCConfigurationList section */
	};
	rootObject = D0A67D5417DD0BDD00E271B4 /* Project object */;
}
